
Microsoft Visual Studio Solution File, Format Version 12.00
# Visual Studio Version 17
VisualStudioVersion = 17.11.35327.3
MinimumVisualStudioVersion = 10.0.40219.1
Project("{FAE04EC0-301F-11D3-BF4B-00C04F79EFBC}") = "HumanResourcesManagement", "HumanResourcesManagement\HumanResourcesManagement.csproj", "{A9ACA262-339D-49AC-A5D3-1B8946D86802}"
EndProject
Project("{2150E333-8FDC-42A3-9474-1A3956D46DE8}") = "Элементы решения", "Элементы решения", "{F9AB50D3-2971-4164-BCD9-74ADD58F3481}"
	ProjectSection(SolutionItems) = preProject
		EmployeeEditPage.xaml = EmployeeEditPage.xaml
		EmployeeEditPage.xaml.cs = EmployeeEditPage.xaml.cs
		EmployeeListPage.xaml = EmployeeListPage.xaml
		EmployeeListPage.xaml.cs = EmployeeListPage.xaml.cs
		HomePage.xaml = HomePage.xaml
	EndProjectSection
EndProject
Global
	GlobalSection(SolutionConfigurationPlatforms) = preSolution
		Debug|Any CPU = Debug|Any CPU
		Release|Any CPU = Release|Any CPU
	EndGlobalSection
	GlobalSection(ProjectConfigurationPlatforms) = postSolution
		{A9ACA262-339D-49AC-A5D3-1B8946D86802}.Debug|Any CPU.ActiveCfg = Debug|Any CPU
		{A9ACA262-339D-49AC-A5D3-1B8946D86802}.Debug|Any CPU.Build.0 = Debug|Any CPU
		{A9ACA262-339D-49AC-A5D3-1B8946D86802}.Release|Any CPU.ActiveCfg = Release|Any CPU
		{A9ACA262-339D-49AC-A5D3-1B8946D86802}.Release|Any CPU.Build.0 = Release|Any CPU
	EndGlobalSection
	GlobalSection(SolutionProperties) = preSolution
		HideSolutionNode = FALSE
	EndGlobalSection
	GlobalSection(ExtensibilityGlobals) = postSolution
		SolutionGuid = {282F626B-B409-43D2-AD9D-CE2DAD2277B4}
	EndGlobalSection
EndGlobal
